{
  "requires": true,
  "lockfileVersion": 1,
  "dependencies": {
    "cytoscape": {
      "version": "3.20.0",
      "resolved": "https://registry.npmjs.org/cytoscape/-/cytoscape-3.20.0.tgz",
      "integrity": "sha512-V2OUoav8ltY9UPgdjuhQOqkkWT28IbJODioWCjcnLqmjym9lMpnD0ie0vdQCdAiZapjbTGAv8aoKmmSuVcC1gA==",
      "requires": {
        "heap": "^0.2.6",
        "lodash.debounce": "^4.0.8"
      }
    },
    "heap": {
      "version": "0.2.7",
      "resolved": "https://registry.npmjs.org/heap/-/heap-0.2.7.tgz",
      "integrity": "sha512-2bsegYkkHO+h/9MGbn6KWcE45cHZgPANo5LXF7EvWdT0yT2EguSVO1nDgU5c8+ZOPwp2vMNa7YFsJhVcDR9Sdg=="
    },
    "lodash.debounce": {
      "version": "4.0.8",
      "resolved": "https://registry.npmjs.org/lodash.debounce/-/lodash.debounce-4.0.8.tgz",
      "integrity": "sha1-gteb/zCmfEAF/9XiUVMArZyk168="
    }
  }
}
